
Microsoft Visual Studio Solution File, Format Version 12.00
# Visual Studio Version 17
VisualStudioVersion = 17.14.36623.8
MinimumVisualStudioVersion = 10.0.40219.1
Project("{FAE04EC0-301F-11D3-BF4B-00C04F79EFBC}") = "WebApi", "WebApi\WebApi.csproj", "{8B00E8D3-7695-4433-8429-A7EA1EF5765D}"
EndProject
Project("{FAE04EC0-301F-11D3-BF4B-00C04F79EFBC}") = "WebApi.Test", "WebApi.Test\WebApi.Test.csproj", "{016EB358-E50E-4F15-A8AC-9F431C0122A2}"
EndProject
Global
	GlobalSection(SolutionConfigurationPlatforms) = preSolution
		Debug|Any CPU = Debug|Any CPU
		Release|Any CPU = Release|Any CPU
	EndGlobalSection
	GlobalSection(ProjectConfigurationPlatforms) = postSolution
		{8B00E8D3-7695-4433-8429-A7EA1EF5765D}.Debug|Any CPU.ActiveCfg = Debug|Any CPU
		{8B00E8D3-7695-4433-8429-A7EA1EF5765D}.Debug|Any CPU.Build.0 = Debug|Any CPU
		{8B00E8D3-7695-4433-8429-A7EA1EF5765D}.Release|Any CPU.ActiveCfg = Release|Any CPU
		{8B00E8D3-7695-4433-8429-A7EA1EF5765D}.Release|Any CPU.Build.0 = Release|Any CPU
		{016EB358-E50E-4F15-A8AC-9F431C0122A2}.Debug|Any CPU.ActiveCfg = Debug|Any CPU
		{016EB358-E50E-4F15-A8AC-9F431C0122A2}.Debug|Any CPU.Build.0 = Debug|Any CPU
		{016EB358-E50E-4F15-A8AC-9F431C0122A2}.Release|Any CPU.ActiveCfg = Release|Any CPU
		{016EB358-E50E-4F15-A8AC-9F431C0122A2}.Release|Any CPU.Build.0 = Release|Any CPU
	EndGlobalSection
	GlobalSection(SolutionProperties) = preSolution
		HideSolutionNode = FALSE
	EndGlobalSection
	GlobalSection(ExtensibilityGlobals) = postSolution
		SolutionGuid = {53BA74A4-B206-49A2-ACCB-0373C8CED43E}
	EndGlobalSection
EndGlobal
